
Microsoft Visual Studio Solution File, Format Version 12.00
# Visual Studio Version 17
VisualStudioVersion = 17.2.32519.379
MinimumVisualStudioVersion = 10.0.40219.1
Project("{FAE04EC0-301F-11D3-BF4B-00C04F79EFBC}") = "Server", "Server.csproj", "{278E2BF3-1435-430A-BA06-6A398B6B8B77}"
EndProject
Project("{FAE04EC0-301F-11D3-BF4B-00C04F79EFBC}") = "Client", "..\Client\Client.csproj", "{272300E4-F41E-4140-A715-7D6E13F4B86C}"
EndProject
Global
	GlobalSection(SolutionConfigurationPlatforms) = preSolution
		Debug|Any CPU = Debug|Any CPU
		Release|Any CPU = Release|Any CPU
	EndGlobalSection
	GlobalSection(ProjectConfigurationPlatforms) = postSolution
		{278E2BF3-1435-430A-BA06-6A398B6B8B77}.Debug|Any CPU.ActiveCfg = Debug|Any CPU
		{278E2BF3-1435-430A-BA06-6A398B6B8B77}.Debug|Any CPU.Build.0 = Debug|Any CPU
		{278E2BF3-1435-430A-BA06-6A398B6B8B77}.Release|Any CPU.ActiveCfg = Release|Any CPU
		{278E2BF3-1435-430A-BA06-6A398B6B8B77}.Release|Any CPU.Build.0 = Release|Any CPU
		{272300E4-F41E-4140-A715-7D6E13F4B86C}.Debug|Any CPU.ActiveCfg = Debug|Any CPU
		{272300E4-F41E-4140-A715-7D6E13F4B86C}.Debug|Any CPU.Build.0 = Debug|Any CPU
		{272300E4-F41E-4140-A715-7D6E13F4B86C}.Release|Any CPU.ActiveCfg = Release|Any CPU
		{272300E4-F41E-4140-A715-7D6E13F4B86C}.Release|Any CPU.Build.0 = Release|Any CPU
	EndGlobalSection
	GlobalSection(SolutionProperties) = preSolution
		HideSolutionNode = FALSE
	EndGlobalSection
	GlobalSection(ExtensibilityGlobals) = postSolution
		SolutionGuid = {61F30215-9BE5-44F2-8594-5A31EEBB65AA}
	EndGlobalSection
EndGlobal
